schema: '2.0'
stages:
  download:
    cmd: python scripts/download.py
    deps:
    - path: scripts/download.py
      hash: md5
      md5: c8d46af444a14498461ef195c2e2f7ef
      size: 771
    params:
      params.yaml:
        download.base_url: 
          http://fashion-mnist.s3-website.eu-central-1.amazonaws.com
    outs:
    - path: ../../data/fashion-mnist/raw
      hash: md5
      md5: 8a31b1338b609cf1133d1df639de606c.dir
      size: 30878645
      nfiles: 4
  process:
    cmd: python scripts/process.py
    deps:
    - path: ../../data/fashion-mnist/raw
      hash: md5
      md5: 8a31b1338b609cf1133d1df639de606c.dir
      size: 30878645
      nfiles: 4
    - path: scripts/process.py
      hash: md5
      md5: 783cbeb377d0d7b70f6dd6aa1ea76b0a
      size: 2117
    outs:
    - path: ../../data/fashion-mnist/processed/train
      hash: md5
      md5: a3e9fa6ffb666870e08b73e5d3446ab6.dir
      size: 15146519
      nfiles: 1
    - path: ../../data/fashion-mnist/processed/val
      hash: md5
      md5: ab9dd0e612c7b33b5689833bfc9e94f2.dir
      size: 2523665
      nfiles: 1
  analyze:
    cmd: python scripts/analyze.py
    deps:
    - path: ../../data/fashion-mnist/processed/train
      hash: md5
      md5: a3e9fa6ffb666870e08b73e5d3446ab6.dir
      size: 15146519
      nfiles: 1
    - path: ../../data/fashion-mnist/processed/val
      hash: md5
      md5: ab9dd0e612c7b33b5689833bfc9e94f2.dir
      size: 2523665
      nfiles: 1
    - path: scripts/analyze.py
      hash: md5
      md5: 8f3230382f958321fa1e4e2e93dfdcba
      size: 971
    outs:
    - path: ../../data/fashion-mnist/metrics.json
      hash: md5
      md5: 19bdf4bcfc06874287df3a9d8dfc1c9a
      size: 230
