schema: '2.0'
stages:
  download:
    cmd: python scripts/download.py
    deps:
    - path: scripts/download.py
      hash: md5
      md5: 55769b4820d1a259c7b98eaf1e02fed0
      size: 2034
    params:
      params.yaml:
        download.base_url: 
          http://fashion-mnist.s3-website.eu-central-1.amazonaws.com
    outs:
    - path: ../../data/fashion-mnist/raw
      hash: md5
      md5: 8a31b1338b609cf1133d1df639de606c.dir
      size: 30878645
      nfiles: 4
  process:
    cmd: python scripts/process.py
    deps:
    - path: ../../data/fashion-mnist/raw
      hash: md5
      md5: 8a31b1338b609cf1133d1df639de606c.dir
      size: 30878645
      nfiles: 4
    - path: scripts/process.py
      hash: md5
      md5: d5a519a02ae00953aa3c3f96a4d5e819
      size: 4417
    params:
      params.yaml:
        process:
          raw_dir: ../../data/fashion-mnist/raw
          output_dir: ../../data/fashion-mnist/processed
          sample_fraction: 0.6
    outs:
    - path: ../../data/fashion-mnist/processed/train/train.parquet
      hash: md5
      md5: d4f50257fda46cf796d3b06937f5c239
      size: 18397586
    - path: ../../data/fashion-mnist/processed/val/val.parquet
      hash: md5
      md5: 90f84167000a18d3ca8307d77bb2106d
      size: 3068026
  analyze:
    cmd: python scripts/analyze.py
    deps:
    - path: ../../data/fashion-mnist/processed/train/train.parquet
      hash: md5
      md5: d4f50257fda46cf796d3b06937f5c239
      size: 18397586
    - path: ../../data/fashion-mnist/processed/val/val.parquet
      hash: md5
      md5: 90f84167000a18d3ca8307d77bb2106d
      size: 3068026
    - path: scripts/analyze.py
      hash: md5
      md5: b2da72240b4c14349d8626a671994811
      size: 5608
    params:
      params.yaml:
        analyze:
          data_dir: ../../data/fashion-mnist/processed
          output_file: ../../data/fashion-mnist/metadata.json
    outs:
    - path: ../../data/fashion-mnist/metadata.json
      hash: md5
      md5: 72102def406393abc82553ffff46d474
      size: 1896
