schema: '2.0'
stages:
  download:
    cmd: python scripts/download.py
    deps:
    - path: scripts/download.py
      hash: md5
      md5: a4bfcbb2da6f7eb3468b453e78169215
      size: 3848
    params:
      params.yaml:
        org_name: OpenCloudHub
        output_dir: ../../data/opencloudhub-readmes/raw
    outs:
    - path: ../../data/opencloudhub-readmes/raw
      hash: md5
      md5: 421cc8dba205868e6d4f9ef7b757d6c4.dir
      size: 138556
      nfiles: 12
