schema: '2.0'
stages:
  process:
    cmd: python scripts/process.py
    deps:
    - path: ../../data/emotion/raw
      hash: md5
      md5: ea7f1d0867688217d96d24f1cc0d8167.dir
      size: 7293576
      nfiles: 1
    - path: scripts/process.py
      hash: md5
      md5: 1d59bf5bc3188c8fdccfe0c03a4aa0c5
      size: 4295
    params:
      params.yaml:
        process:
          raw_dir: ../../data/emotion/raw
          output_dir: ../../data/emotion/processed
          sample_fraction: 0.5
          train_split: 0.8
          random_seed: 42
    outs:
    - path: ../../data/emotion/processed
      hash: md5
      md5: ba15732d4b423cffa949db6c85114d8e.dir
      size: 3677927
      nfiles: 2
  analyze:
    cmd: python scripts/analyze.py
    deps:
    - path: ../../data/emotion/processed
      hash: md5
      md5: ba15732d4b423cffa949db6c85114d8e.dir
      size: 3677927
      nfiles: 2
    - path: scripts/analyze.py
      hash: md5
      md5: 5cf80c6ed6a11e0cf31251b8d3fb6327
      size: 4774
    params:
      params.yaml:
        analyze:
          data_dir: ../../data/emotion/processed
          output_file: ../../data/emotion/metadata.json
    outs:
    - path: ../../data/emotion/metadata.json
      hash: md5
      md5: 0678f92b6f2a0899e4be8bbd8ddf8999
      size: 2338
  download:
    cmd: python scripts/download.py
    params:
      params.yaml:
        download:
          dataset_name: boltuix/emotions-dataset
          output_dir: ../../data/emotion/raw
    outs:
    - path: ../../data/emotion/raw
      hash: md5
      md5: ea7f1d0867688217d96d24f1cc0d8167.dir
      size: 7293576
      nfiles: 1
