schema: '2.0'
stages:
  analyze:
    cmd: python scripts/analyze.py
    deps:
    - path: scripts/analyze.py
      hash: md5
      md5: 7cf2823f7331219787f5d1cbc5a294d4
      size: 3998
    params:
      params.yaml:
        data:
          version: opencloudhub-readmes-v1.0.0
          path: data/opencloudhub-readmes/raw
        embedding:
          model_name: sentence-transformers/all-MiniLM-L6-v2
          chunk_size: 800
          chunk_overlap: 100
          batch_size: 8
          device: cpu
    outs:
    - path: ../../data/opencloudhub-readmes-embeddings/metadata.json
      hash: md5
      md5: 56a0a5f940cde30df1414770335a9de5
      size: 928
  process:
    cmd: python scripts/process.py
    deps:
    - path: scripts/process.py
      hash: md5
      md5: f1ffae8264d943510dc8fd1eb5db4c18
      size: 13229
    params:
      params.yaml:
        data:
          version: opencloudhub-readmes-v1.0.0
          path: data/opencloudhub-readmes/raw
        embedding:
          model_name: sentence-transformers/all-MiniLM-L6-v2
          chunk_size: 800
          chunk_overlap: 100
          batch_size: 8
          device: cpu
        pgvector:
          port: 5432
          database: demo_app
          user: demo-app
          table_name: readme_embeddings
