schema: '2.0'
stages:
  analyze:
    cmd: python scripts/analyze.py
    deps:
    - path: scripts/analyze.py
      hash: md5
      md5: 8066db812d9f06b21e1aebdcd2edc65b
      size: 3616
    params:
      params.py:
        ANALYZE_OUTPUT_FILE: 
          ../../data/opencloudhub-readmes-embeddings/metadata.json
        DATA_PATH: data/opencloudhub-readmes/raw
        DATA_VERSION: opencloudhub-readmes-v1.0.0
        EMBEDDING_CHUNK_OVERLAP: 200
        EMBEDDING_CHUNK_SIZE: 1500
        EMBEDDING_MODEL_NAME: sentence-transformers/all-MiniLM-L6-v2
    outs:
    - path: ../../data/opencloudhub-readmes-embeddings/metadata.json
      hash: md5
      md5: 46d62794bb28548cbcd1c43747b34f94
      size: 967
  process:
    cmd: python scripts/process.py
    deps:
    - path: scripts/process.py
      hash: md5
      md5: f164fc50b32376957f782da55824c90b
      size: 13824
    params:
      params.py:
        DATA_PATH: data/opencloudhub-readmes/raw
        DATA_VERSION: opencloudhub-readmes-v1.0.0
        EMBEDDING_BATCH_SIZE: 4
        EMBEDDING_CHUNK_OVERLAP: 200
        EMBEDDING_CHUNK_SIZE: 1500
        EMBEDDING_MODEL_NAME: sentence-transformers/all-MiniLM-L6-v2
