schema: '2.0'
stages:
  analyze:
    cmd: python scripts/analyze.py
    deps:
    - path: scripts/analyze.py
      hash: md5
      md5: 3f3fff618e9f10ad441ad1c25a03137c
      size: 5220
    params:
      params.py:
        ANALYZE_OUTPUT_FILE: 
          ../../data/opencloudhub-readmes-embeddings/metadata.json
        DVC_DATA_PATH: data/opencloudhub-readmes/raw
        DVC_DATA_VERSION: opencloudhub-readmes-v1.0.0
        EMBEDDING_CHUNK_OVERLAP: 200
        EMBEDDING_CHUNK_SIZE: 1500
        EMBEDDING_MODEL_NAME: sentence-transformers/all-MiniLM-L6-v2
    outs:
    - path: ../../data/opencloudhub-readmes-embeddings/metadata.json
      hash: md5
      md5: 88c5f75a6681083e63db1766e28e56f3
      size: 1053
  process:
    cmd: python scripts/process.py
    deps:
    - path: scripts/process.py
      hash: md5
      md5: 9cd8e125a7d8d89f370300a4f06e4499
      size: 15634
    params:
      params.py:
        DVC_DATA_PATH: data/opencloudhub-readmes/raw
        DVC_DATA_VERSION: opencloudhub-readmes-v1.0.0
        EMBEDDING_BATCH_SIZE: 4
        EMBEDDING_CHUNK_OVERLAP: 200
        EMBEDDING_CHUNK_SIZE: 1500
        EMBEDDING_MODEL_NAME: sentence-transformers/all-MiniLM-L6-v2
