schema: '2.0'
stages:
  process:
    cmd: python scripts/process.py
    deps:
    - path: ../../data/wine-quality/raw
      hash: md5
      md5: f915efbc9aa1fc14335fbdbf859a890a.dir
      size: 348625
      nfiles: 2
    - path: scripts/process.py
      hash: md5
      md5: 9fdb0d03a088b86656c56cd9b4375618
      size: 2693
    params:
      params.yaml:
        process:
          raw_dir: ../../data/wine-quality/raw
          output_dir: ../../data/wine-quality/processed
          sample_fraction: 1.0
          test_size: 0.2
          random_state: 42
    outs:
    - path: ../../data/wine-quality/processed
      hash: md5
      md5: 23dc04af3a6f9a27efff359a5a6849ea.dir
      size: 392245
      nfiles: 1
  analyze:
    cmd: python scripts/analyze.py
    deps:
    - path: ../../data/wine-quality/processed
      hash: md5
      md5: 23dc04af3a6f9a27efff359a5a6849ea.dir
      size: 392245
      nfiles: 1
    - path: scripts/analyze.py
      hash: md5
      md5: 21cd08a3c35aaaf16a564a098f2d96fb
      size: 3317
    params:
      params.yaml:
        analyze:
          data_dir: ../../data/wine-quality/processed
          output_file: ../../data/wine-quality/metadata.json
    outs:
    - path: ../../data/wine-quality/metadata.json
      hash: md5
      md5: 71d8a1bcc43e0768f3735424a5deb22e
      size: 4441
  download:
    cmd: python scripts/download.py
    deps:
    - path: scripts/download.py
      hash: md5
      md5: 26f8cc6903bf5a15d6c66c0887faa525
      size: 1172
    params:
      params.yaml:
        download:
          base_url: 
            https://archive.ics.uci.edu/ml/machine-learning-databases/wine-quality
          output_dir: ../../data/wine-quality/raw
    outs:
    - path: ../../data/wine-quality/raw
      hash: md5
      md5: f915efbc9aa1fc14335fbdbf859a890a.dir
      size: 348625
      nfiles: 2
